
Microsoft Visual Studio Solution File, Format Version 12.00
# Visual Studio Version 17
VisualStudioVersion = 17.10.34928.147
MinimumVisualStudioVersion = 10.0.40219.1
Project("{9A19103F-16F7-4668-BE54-9A1E7A4F7556}") = "DbaClientX.Core", "DbaClientX.Core\DbaClientX.Core.csproj", "{29FBC065-3146-47BD-8471-194AA95BC2B8}"
EndProject
Project("{9A19103F-16F7-4668-BE54-9A1E7A4F7556}") = "DbaClientX.SqlServer", "DbaClientX.SqlServer\DbaClientX.SqlServer.csproj", "{A0FD77C3-777C-4474-9D56-DACF1B64A7C0}"
EndProject
Project("{9A19103F-16F7-4668-BE54-9A1E7A4F7556}") = "DbaClientX.PowerShell", "DbaClientX.PowerShell\DbaClientX.PowerShell.csproj", "{C4CF8029-093D-4F65-B37E-BA85AB4DBF0D}"
EndProject
Project("{FAE04EC0-301F-11D3-BF4B-00C04F79EFBC}") = "DbaClientX.Tests", "DbaClientX.Tests\DbaClientX.Tests.csproj", "{63014CD7-C727-4D52-AFE7-45082627CE04}"
EndProject
Project("{FAE04EC0-301F-11D3-BF4B-00C04F79EFBC}") = "DbaClientX.Examples", "DbaClientX.Examples\DbaClientX.Examples.csproj", "{F5D7FDFE-8954-4C13-869F-3DDE4D4FDA07}"
EndProject
Project("{FAE04EC0-301F-11D3-BF4B-00C04F79EFBC}") = "DbaClientX.PostgreSql", "DbaClientX.PostgreSql\DbaClientX.PostgreSql.csproj", "{541C4466-43B7-4668-A131-397D39613BFC}"
EndProject
Project("{FAE04EC0-301F-11D3-BF4B-00C04F79EFBC}") = "DbaClientX.MySql", "DbaClientX.MySql\DbaClientX.MySql.csproj", "{A1BE9FEE-17D6-4BF6-8F92-AA82BA267946}"
EndProject
Project("{FAE04EC0-301F-11D3-BF4B-00C04F79EFBC}") = "DbaClientX.SQLite", "DbaClientX.SQLite\DbaClientX.SQLite.csproj", "{F9215ADC-A725-481D-B297-CB229B42CCFA}"
EndProject
Project("{FAE04EC0-301F-11D3-BF4B-00C04F79EFBC}") = "DbaClientX.Oracle", "DbaClientX.Oracle\DbaClientX.Oracle.csproj", "{67F2B6FC-362C-495A-8270-02E0932C8EA9}"
EndProject
Global
	GlobalSection(SolutionConfigurationPlatforms) = preSolution
		Debug|Any CPU = Debug|Any CPU
		Release|Any CPU = Release|Any CPU
	EndGlobalSection
	GlobalSection(ProjectConfigurationPlatforms) = postSolution
		{29FBC065-3146-47BD-8471-194AA95BC2B8}.Debug|Any CPU.ActiveCfg = Debug|Any CPU
		{29FBC065-3146-47BD-8471-194AA95BC2B8}.Debug|Any CPU.Build.0 = Debug|Any CPU
		{29FBC065-3146-47BD-8471-194AA95BC2B8}.Release|Any CPU.ActiveCfg = Release|Any CPU
		{29FBC065-3146-47BD-8471-194AA95BC2B8}.Release|Any CPU.Build.0 = Release|Any CPU
		{A0FD77C3-777C-4474-9D56-DACF1B64A7C0}.Debug|Any CPU.ActiveCfg = Debug|Any CPU
		{A0FD77C3-777C-4474-9D56-DACF1B64A7C0}.Debug|Any CPU.Build.0 = Debug|Any CPU
		{A0FD77C3-777C-4474-9D56-DACF1B64A7C0}.Release|Any CPU.ActiveCfg = Release|Any CPU
		{A0FD77C3-777C-4474-9D56-DACF1B64A7C0}.Release|Any CPU.Build.0 = Release|Any CPU
		{C4CF8029-093D-4F65-B37E-BA85AB4DBF0D}.Debug|Any CPU.ActiveCfg = Debug|Any CPU
		{C4CF8029-093D-4F65-B37E-BA85AB4DBF0D}.Debug|Any CPU.Build.0 = Debug|Any CPU
		{C4CF8029-093D-4F65-B37E-BA85AB4DBF0D}.Release|Any CPU.ActiveCfg = Release|Any CPU
		{C4CF8029-093D-4F65-B37E-BA85AB4DBF0D}.Release|Any CPU.Build.0 = Release|Any CPU
		{63014CD7-C727-4D52-AFE7-45082627CE04}.Debug|Any CPU.ActiveCfg = Debug|Any CPU
		{63014CD7-C727-4D52-AFE7-45082627CE04}.Debug|Any CPU.Build.0 = Debug|Any CPU
		{63014CD7-C727-4D52-AFE7-45082627CE04}.Release|Any CPU.ActiveCfg = Release|Any CPU
		{63014CD7-C727-4D52-AFE7-45082627CE04}.Release|Any CPU.Build.0 = Release|Any CPU
		{F5D7FDFE-8954-4C13-869F-3DDE4D4FDA07}.Debug|Any CPU.ActiveCfg = Debug|Any CPU
		{F5D7FDFE-8954-4C13-869F-3DDE4D4FDA07}.Debug|Any CPU.Build.0 = Debug|Any CPU
		{F5D7FDFE-8954-4C13-869F-3DDE4D4FDA07}.Release|Any CPU.ActiveCfg = Release|Any CPU
		{F5D7FDFE-8954-4C13-869F-3DDE4D4FDA07}.Release|Any CPU.Build.0 = Release|Any CPU
		{541C4466-43B7-4668-A131-397D39613BFC}.Debug|Any CPU.ActiveCfg = Debug|Any CPU
		{541C4466-43B7-4668-A131-397D39613BFC}.Debug|Any CPU.Build.0 = Debug|Any CPU
		{541C4466-43B7-4668-A131-397D39613BFC}.Release|Any CPU.ActiveCfg = Release|Any CPU
		{541C4466-43B7-4668-A131-397D39613BFC}.Release|Any CPU.Build.0 = Release|Any CPU
		{A1BE9FEE-17D6-4BF6-8F92-AA82BA267946}.Debug|Any CPU.ActiveCfg = Debug|Any CPU
                {A1BE9FEE-17D6-4BF6-8F92-AA82BA267946}.Debug|Any CPU.Build.0 = Debug|Any CPU
                {A1BE9FEE-17D6-4BF6-8F92-AA82BA267946}.Release|Any CPU.ActiveCfg = Release|Any CPU
                {A1BE9FEE-17D6-4BF6-8F92-AA82BA267946}.Release|Any CPU.Build.0 = Release|Any CPU
{F9215ADC-A725-481D-B297-CB229B42CCFA}.Debug|Any CPU.ActiveCfg = Debug|Any CPU
{F9215ADC-A725-481D-B297-CB229B42CCFA}.Debug|Any CPU.Build.0 = Debug|Any CPU
{F9215ADC-A725-481D-B297-CB229B42CCFA}.Release|Any CPU.ActiveCfg = Release|Any CPU
{F9215ADC-A725-481D-B297-CB229B42CCFA}.Release|Any CPU.Build.0 = Release|Any CPU
{67F2B6FC-362C-495A-8270-02E0932C8EA9}.Debug|Any CPU.ActiveCfg = Debug|Any CPU
{67F2B6FC-362C-495A-8270-02E0932C8EA9}.Debug|Any CPU.Build.0 = Debug|Any CPU
{67F2B6FC-362C-495A-8270-02E0932C8EA9}.Release|Any CPU.ActiveCfg = Release|Any CPU
{67F2B6FC-362C-495A-8270-02E0932C8EA9}.Release|Any CPU.Build.0 = Release|Any CPU
EndGlobalSection
	GlobalSection(SolutionProperties) = preSolution
		HideSolutionNode = FALSE
	EndGlobalSection
	GlobalSection(ExtensibilityGlobals) = postSolution
		SolutionGuid = {106FE1BE-7893-40F1-A064-406A913E7EC5}
	EndGlobalSection
EndGlobal
