
Microsoft Visual Studio Solution File, Format Version 12.00
# Visual Studio Version 17
VisualStudioVersion = 17.10.34928.147
MinimumVisualStudioVersion = 10.0.40219.1
Project("{9A19103F-16F7-4668-BE54-9A1E7A4F7556}") = "DbaClientX", "DbaClientX\DbaClientX.csproj", "{778D0583-3B0B-4FFF-B8A5-E3D3376AC545}"
EndProject
Project("{9A19103F-16F7-4668-BE54-9A1E7A4F7556}") = "DbaClientX.PowerShell", "DbaClientX.PowerShell\DbaClientX.PowerShell.csproj", "{C4CF8029-093D-4F65-B37E-BA85AB4DBF0D}"
EndProject
Project("{FAE04EC0-301F-11D3-BF4B-00C04F79EFBC}") = "DbaClientX.Tests", "DbaClientX.Tests\DbaClientX.Tests.csproj", "{63014CD7-C727-4D52-AFE7-45082627CE04}"
EndProject
Global
	GlobalSection(SolutionConfigurationPlatforms) = preSolution
		Debug|Any CPU = Debug|Any CPU
		Release|Any CPU = Release|Any CPU
	EndGlobalSection
	GlobalSection(ProjectConfigurationPlatforms) = postSolution
		{778D0583-3B0B-4FFF-B8A5-E3D3376AC545}.Debug|Any CPU.ActiveCfg = Debug|Any CPU
		{778D0583-3B0B-4FFF-B8A5-E3D3376AC545}.Debug|Any CPU.Build.0 = Debug|Any CPU
		{778D0583-3B0B-4FFF-B8A5-E3D3376AC545}.Release|Any CPU.ActiveCfg = Release|Any CPU
		{778D0583-3B0B-4FFF-B8A5-E3D3376AC545}.Release|Any CPU.Build.0 = Release|Any CPU
		{C4CF8029-093D-4F65-B37E-BA85AB4DBF0D}.Debug|Any CPU.ActiveCfg = Debug|Any CPU
		{C4CF8029-093D-4F65-B37E-BA85AB4DBF0D}.Debug|Any CPU.Build.0 = Debug|Any CPU
		{C4CF8029-093D-4F65-B37E-BA85AB4DBF0D}.Release|Any CPU.ActiveCfg = Release|Any CPU
		{C4CF8029-093D-4F65-B37E-BA85AB4DBF0D}.Release|Any CPU.Build.0 = Release|Any CPU
		{63014CD7-C727-4D52-AFE7-45082627CE04}.Debug|Any CPU.ActiveCfg = Debug|Any CPU
		{63014CD7-C727-4D52-AFE7-45082627CE04}.Debug|Any CPU.Build.0 = Debug|Any CPU
		{63014CD7-C727-4D52-AFE7-45082627CE04}.Release|Any CPU.ActiveCfg = Release|Any CPU
		{63014CD7-C727-4D52-AFE7-45082627CE04}.Release|Any CPU.Build.0 = Release|Any CPU
	EndGlobalSection
	GlobalSection(SolutionProperties) = preSolution
		HideSolutionNode = FALSE
	EndGlobalSection
	GlobalSection(ExtensibilityGlobals) = postSolution
		SolutionGuid = {106FE1BE-7893-40F1-A064-406A913E7EC5}
	EndGlobalSection
EndGlobal
